
Microsoft Visual Studio Solution File, Format Version 12.00
# Visual Studio Version 17
VisualStudioVersion = 17.6.33801.468
MinimumVisualStudioVersion = 10.0.40219.1
Project("{FAE04EC0-301F-11D3-BF4B-00C04F79EFBC}") = "ConsoleApp1", "ConsoleApp1.csproj", "{E41F789C-E18A-45AE-806A-29C4FB69895E}"
EndProject
Global
	GlobalSection(SolutionConfigurationPlatforms) = preSolution
		Debug|Any CPU = Debug|Any CPU
		Release|Any CPU = Release|Any CPU
	EndGlobalSection
	GlobalSection(ProjectConfigurationPlatforms) = postSolution
		{E41F789C-E18A-45AE-806A-29C4FB69895E}.Debug|Any CPU.ActiveCfg = Debug|Any CPU
		{E41F789C-E18A-45AE-806A-29C4FB69895E}.Debug|Any CPU.Build.0 = Debug|Any CPU
		{E41F789C-E18A-45AE-806A-29C4FB69895E}.Release|Any CPU.ActiveCfg = Release|Any CPU
		{E41F789C-E18A-45AE-806A-29C4FB69895E}.Release|Any CPU.Build.0 = Release|Any CPU
	EndGlobalSection
	GlobalSection(SolutionProperties) = preSolution
		HideSolutionNode = FALSE
	EndGlobalSection
	GlobalSection(ExtensibilityGlobals) = postSolution
		SolutionGuid = {C117E6AA-863D-4124-957D-FCB4B5977620}
	EndGlobalSection
EndGlobal
